
Microsoft Visual Studio Solution File, Format Version 12.00
# Visual Studio Version 16
VisualStudioVersion = 16.0.28805.205
MinimumVisualStudioVersion = 10.0.40219.1
Project("{FAE04EC0-301F-11D3-BF4B-00C04F79EFBC}") = "CodeFirst", "CodeFirst\CodeFirst.csproj", "{532B9651-D8A3-4046-B311-863514C7EADE}"
EndProject
Project("{FAE04EC0-301F-11D3-BF4B-00C04F79EFBC}") = "Edmx", "Edmx\Edmx.csproj", "{60C5CEC1-21ED-447A-B9AA-F6C1CBFBDC82}"
EndProject
Global
	GlobalSection(SolutionConfigurationPlatforms) = preSolution
		Debug|Any CPU = Debug|Any CPU
		Release|Any CPU = Release|Any CPU
	EndGlobalSection
	GlobalSection(ProjectConfigurationPlatforms) = postSolution
		{532B9651-D8A3-4046-B311-863514C7EADE}.Debug|Any CPU.ActiveCfg = Debug|Any CPU
		{532B9651-D8A3-4046-B311-863514C7EADE}.Debug|Any CPU.Build.0 = Debug|Any CPU
		{532B9651-D8A3-4046-B311-863514C7EADE}.Release|Any CPU.ActiveCfg = Release|Any CPU
		{532B9651-D8A3-4046-B311-863514C7EADE}.Release|Any CPU.Build.0 = Release|Any CPU
		{60C5CEC1-21ED-447A-B9AA-F6C1CBFBDC82}.Debug|Any CPU.ActiveCfg = Debug|Any CPU
		{60C5CEC1-21ED-447A-B9AA-F6C1CBFBDC82}.Debug|Any CPU.Build.0 = Debug|Any CPU
		{60C5CEC1-21ED-447A-B9AA-F6C1CBFBDC82}.Release|Any CPU.ActiveCfg = Release|Any CPU
		{60C5CEC1-21ED-447A-B9AA-F6C1CBFBDC82}.Release|Any CPU.Build.0 = Release|Any CPU
	EndGlobalSection
	GlobalSection(SolutionProperties) = preSolution
		HideSolutionNode = FALSE
	EndGlobalSection
	GlobalSection(ExtensibilityGlobals) = postSolution
		SolutionGuid = {AF15969D-2DBB-48D1-B493-D30702457A4B}
	EndGlobalSection
EndGlobal
